
Microsoft Visual Studio Solution File, Format Version 12.00
# Visual Studio Version 16
VisualStudioVersion = 16.0.30225.117
MinimumVisualStudioVersion = 10.0.40219.1
Project("{FAE04EC0-301F-11D3-BF4B-00C04F79EFBC}") = "Counter", "Counter\Counter.csproj", "{45DA1839-6FFD-44C6-89E0-9DDD5450FF11}"
EndProject
Project("{54435603-DBB4-11D2-8724-00A0C9A8B90C}") = "Counter_Setup", "Counter_Setup\Counter_Setup.vdproj", "{91BB945A-DC6B-489C-81FC-7851BA2D9B94}"
EndProject
Global
	GlobalSection(SolutionConfigurationPlatforms) = preSolution
		Debug|Any CPU = Debug|Any CPU
		Release|Any CPU = Release|Any CPU
	EndGlobalSection
	GlobalSection(ProjectConfigurationPlatforms) = postSolution
		{45DA1839-6FFD-44C6-89E0-9DDD5450FF11}.Debug|Any CPU.ActiveCfg = Debug|Any CPU
		{45DA1839-6FFD-44C6-89E0-9DDD5450FF11}.Debug|Any CPU.Build.0 = Debug|Any CPU
		{45DA1839-6FFD-44C6-89E0-9DDD5450FF11}.Release|Any CPU.ActiveCfg = Release|Any CPU
		{45DA1839-6FFD-44C6-89E0-9DDD5450FF11}.Release|Any CPU.Build.0 = Release|Any CPU
		{91BB945A-DC6B-489C-81FC-7851BA2D9B94}.Debug|Any CPU.ActiveCfg = Debug
		{91BB945A-DC6B-489C-81FC-7851BA2D9B94}.Release|Any CPU.ActiveCfg = Release
	EndGlobalSection
	GlobalSection(SolutionProperties) = preSolution
		HideSolutionNode = FALSE
	EndGlobalSection
	GlobalSection(ExtensibilityGlobals) = postSolution
		SolutionGuid = {998C7F24-C478-427F-B3B9-580DDD72552B}
	EndGlobalSection
EndGlobal
